
Microsoft Visual Studio Solution File, Format Version 12.00
# Visual Studio 2013
VisualStudioVersion = 12.0.21005.1
MinimumVisualStudioVersion = 10.0.40219.1
Project("{FAE04EC0-301F-11D3-BF4B-00C04F79EFBC}") = "Models", "Models\Models.csproj", "{9B003A56-7BB5-4B1A-B771-9BF26CDF8D3E}"
EndProject
Project("{FAE04EC0-301F-11D3-BF4B-00C04F79EFBC}") = "WebApplicationG16_2013", "WebApplicationG16_2013\WebApplicationG16_2013.csproj", "{906FBDC4-BCFB-4788-B509-7C3E1690DBFB}"
EndProject
Project("{FAE04EC0-301F-11D3-BF4B-00C04F79EFBC}") = "DataAccess", "DataAccess\DataAccess.csproj", "{7D3D6373-9843-480C-AB35-47335EDFBE60}"
EndProject
Project("{FAE04EC0-301F-11D3-BF4B-00C04F79EFBC}") = "BLL", "BLL\BLL.csproj", "{E4A6744C-EF60-43CC-BA9C-F8468EFCB628}"
EndProject
Project("{FAE04EC0-301F-11D3-BF4B-00C04F79EFBC}") = "TradeConsole", "TradeConsole\TradeConsole.csproj", "{6B684A66-18CD-48F0-9937-4B1EA7FDA45D}"
EndProject
Project("{FAE04EC0-301F-11D3-BF4B-00C04F79EFBC}") = "G16MG", "G16MG\G16MG\G16MG.csproj", "{59E952F6-4BE2-49E8-9292-F4BD1F519CAB}"
EndProject
Global
	GlobalSection(SolutionConfigurationPlatforms) = preSolution
		Debug|Any CPU = Debug|Any CPU
		Release|Any CPU = Release|Any CPU
	EndGlobalSection
	GlobalSection(ProjectConfigurationPlatforms) = postSolution
		{9B003A56-7BB5-4B1A-B771-9BF26CDF8D3E}.Debug|Any CPU.ActiveCfg = Debug|Any CPU
		{9B003A56-7BB5-4B1A-B771-9BF26CDF8D3E}.Debug|Any CPU.Build.0 = Debug|Any CPU
		{9B003A56-7BB5-4B1A-B771-9BF26CDF8D3E}.Release|Any CPU.ActiveCfg = Release|Any CPU
		{9B003A56-7BB5-4B1A-B771-9BF26CDF8D3E}.Release|Any CPU.Build.0 = Release|Any CPU
		{906FBDC4-BCFB-4788-B509-7C3E1690DBFB}.Debug|Any CPU.ActiveCfg = Debug|Any CPU
		{906FBDC4-BCFB-4788-B509-7C3E1690DBFB}.Debug|Any CPU.Build.0 = Debug|Any CPU
		{906FBDC4-BCFB-4788-B509-7C3E1690DBFB}.Release|Any CPU.ActiveCfg = Release|Any CPU
		{906FBDC4-BCFB-4788-B509-7C3E1690DBFB}.Release|Any CPU.Build.0 = Release|Any CPU
		{7D3D6373-9843-480C-AB35-47335EDFBE60}.Debug|Any CPU.ActiveCfg = Debug|Any CPU
		{7D3D6373-9843-480C-AB35-47335EDFBE60}.Debug|Any CPU.Build.0 = Debug|Any CPU
		{7D3D6373-9843-480C-AB35-47335EDFBE60}.Release|Any CPU.ActiveCfg = Release|Any CPU
		{7D3D6373-9843-480C-AB35-47335EDFBE60}.Release|Any CPU.Build.0 = Release|Any CPU
		{E4A6744C-EF60-43CC-BA9C-F8468EFCB628}.Debug|Any CPU.ActiveCfg = Debug|Any CPU
		{E4A6744C-EF60-43CC-BA9C-F8468EFCB628}.Debug|Any CPU.Build.0 = Debug|Any CPU
		{E4A6744C-EF60-43CC-BA9C-F8468EFCB628}.Release|Any CPU.ActiveCfg = Release|Any CPU
		{E4A6744C-EF60-43CC-BA9C-F8468EFCB628}.Release|Any CPU.Build.0 = Release|Any CPU
		{6B684A66-18CD-48F0-9937-4B1EA7FDA45D}.Debug|Any CPU.ActiveCfg = Debug|Any CPU
		{6B684A66-18CD-48F0-9937-4B1EA7FDA45D}.Debug|Any CPU.Build.0 = Debug|Any CPU
		{6B684A66-18CD-48F0-9937-4B1EA7FDA45D}.Release|Any CPU.ActiveCfg = Release|Any CPU
		{6B684A66-18CD-48F0-9937-4B1EA7FDA45D}.Release|Any CPU.Build.0 = Release|Any CPU
		{59E952F6-4BE2-49E8-9292-F4BD1F519CAB}.Debug|Any CPU.ActiveCfg = Debug|Any CPU
		{59E952F6-4BE2-49E8-9292-F4BD1F519CAB}.Debug|Any CPU.Build.0 = Debug|Any CPU
		{59E952F6-4BE2-49E8-9292-F4BD1F519CAB}.Release|Any CPU.ActiveCfg = Release|Any CPU
		{59E952F6-4BE2-49E8-9292-F4BD1F519CAB}.Release|Any CPU.Build.0 = Release|Any CPU
	EndGlobalSection
	GlobalSection(SolutionProperties) = preSolution
		HideSolutionNode = FALSE
	EndGlobalSection
EndGlobal
